
Microsoft Visual Studio Solution File, Format Version 12.00
# Visual Studio 2012
Project("{FAE04EC0-301F-11D3-BF4B-00C04F79EFBC}") = "MiniProject1", "MiniProject1\MiniProject1.csproj", "{D64700BF-E969-4329-A106-E62D8B56600D}"
EndProject
Global
	GlobalSection(SolutionConfigurationPlatforms) = preSolution
		Debug|Any CPU = Debug|Any CPU
		Release|Any CPU = Release|Any CPU
	EndGlobalSection
	GlobalSection(ProjectConfigurationPlatforms) = postSolution
		{D64700BF-E969-4329-A106-E62D8B56600D}.Debug|Any CPU.ActiveCfg = Debug|Any CPU
		{D64700BF-E969-4329-A106-E62D8B56600D}.Debug|Any CPU.Build.0 = Debug|Any CPU
		{D64700BF-E969-4329-A106-E62D8B56600D}.Release|Any CPU.ActiveCfg = Release|Any CPU
		{D64700BF-E969-4329-A106-E62D8B56600D}.Release|Any CPU.Build.0 = Release|Any CPU
	EndGlobalSection
	GlobalSection(SolutionProperties) = preSolution
		HideSolutionNode = FALSE
	EndGlobalSection
EndGlobal
